
Microsoft Visual Studio Solution File, Format Version 12.00
# Visual Studio Version 16
VisualStudioVersion = 16.0.30413.136
MinimumVisualStudioVersion = 10.0.40219.1
Project("{FAE04EC0-301F-11D3-BF4B-00C04F79EFBC}") = "CompanyDetails", "CompanyDetails\CompanyDetails.csproj", "{DE4FDD41-4ABA-461D-AAF8-CD4B7D5636E9}"
EndProject
Global
	GlobalSection(SolutionConfigurationPlatforms) = preSolution
		Debug|Any CPU = Debug|Any CPU
		Release|Any CPU = Release|Any CPU
	EndGlobalSection
	GlobalSection(ProjectConfigurationPlatforms) = postSolution
		{DE4FDD41-4ABA-461D-AAF8-CD4B7D5636E9}.Debug|Any CPU.ActiveCfg = Debug|Any CPU
		{DE4FDD41-4ABA-461D-AAF8-CD4B7D5636E9}.Debug|Any CPU.Build.0 = Debug|Any CPU
		{DE4FDD41-4ABA-461D-AAF8-CD4B7D5636E9}.Release|Any CPU.ActiveCfg = Release|Any CPU
		{DE4FDD41-4ABA-461D-AAF8-CD4B7D5636E9}.Release|Any CPU.Build.0 = Release|Any CPU
	EndGlobalSection
	GlobalSection(SolutionProperties) = preSolution
		HideSolutionNode = FALSE
	EndGlobalSection
	GlobalSection(ExtensibilityGlobals) = postSolution
		SolutionGuid = {ABDF4758-D2F7-4E79-B562-A5E068D3A068}
	EndGlobalSection
EndGlobal
